<?xml version="1.0" encoding="utf-8"?>
<Project ToolsVersion="4.0" xmlns="http://schemas.microsoft.com/developer/msbuild/2003">
  <ItemGroup>
    <Filter Include="Source Files">
      <UniqueIdentifier>{4FC737F1-C7A5-4376-A066-2A32D752A2FF}</UniqueIdentifier>
      <Extensions>cpp;c;cc;cxx;def;odl;idl;hpj;bat;asm;asmx</Extensions>
    </Filter>
    <Filter Include="Header Files">
      <UniqueIdentifier>{93995380-89BD-4b04-88EB-625FBE52EBFB}</UniqueIdentifier>
      <Extensions>h;hh;hpp;hxx;hm;inl;inc;xsd</Extensions>
    </Filter>
    <Filter Include="Resource Files">
      <UniqueIdentifier>{67DA6AB6-F800-4c08-8B7A-83BB121AAD01}</UniqueIdentifier>
      <Extensions>rc;ico;cur;bmp;dlg;rc2;rct;bin;rgs;gif;jpg;jpeg;jpe;resx;tiff;tif;png;wav;mfcribbon-ms</Extensions>
    </Filter>
    <Filter Include="DirectXTK">
      <UniqueIdentifier>{0927e640-c15b-46a5-a50f-72abbb65f51d}</UniqueIdentifier>
    </Filter>
    <Filter Include="Source Files\Shaders">
      <UniqueIdentifier>{682ddb31-e36b-4d44-85e7-9c3cde5c3f1a}</UniqueIdentifier>
    </Filter>
    <Filter Include="Source Files\Shaders\1 FirstPass">
      <UniqueIdentifier>{1fd6ef9a-2284-4c9a-a3d9-08f2452ee229}</UniqueIdentifier>
    </Filter>
    <Filter Include="Source Files\Shaders\2 LightShadingPass">
      <UniqueIdentifier>{09e22e31-8ebe-4e11-b468-f083b248538c}</UniqueIdentifier>
    </Filter>
    <Filter Include="Source Files\Shaders\3 ShadowShaders">
      <UniqueIdentifier>{059a338e-e052-42f5-87fc-4830391f3784}</UniqueIdentifier>
    </Filter>
    <Filter Include="Source Files\Shaders\4 FinalPass">
      <UniqueIdentifier>{1a7272bb-e178-463f-a367-582a89d7ba71}</UniqueIdentifier>
    </Filter>
  </ItemGroup>
  <ItemGroup>
    <ClCompile Include="main.cpp">
      <Filter>Source Files</Filter>
    </ClCompile>
    <ClCompile Include="PlayerControl.cpp">
      <Filter>Source Files</Filter>
    </ClCompile>
    <ClCompile Include="OBJReader.cpp">
      <Filter>Source Files</Filter>
    </ClCompile>
    <ClCompile Include="WICTextureLoader.cpp">
      <Filter>Source Files</Filter>
    </ClCompile>
    <ClCompile Include="MTLReader.cpp">
      <Filter>Source Files</Filter>
    </ClCompile>
    <ClCompile Include="ShadowMapping.cpp">
      <Filter>Source Files</Filter>
    </ClCompile>
  </ItemGroup>
  <ItemGroup>
    <FxCompile Include="ShadowFragment.hlsl">
      <Filter>Source Files\Shaders\3 ShadowShaders</Filter>
    </FxCompile>
    <FxCompile Include="ShadowVertex.hlsl">
      <Filter>Source Files\Shaders\3 ShadowShaders</Filter>
    </FxCompile>
    <FxCompile Include="Fragment.hlsl">
      <Filter>Source Files\Shaders\4 FinalPass</Filter>
    </FxCompile>
    <FxCompile Include="Vertex.hlsl">
      <Filter>Source Files\Shaders\4 FinalPass</Filter>
    </FxCompile>
    <FxCompile Include="VertexFirstPass.hlsl">
      <Filter>Source Files\Shaders\1 FirstPass</Filter>
    </FxCompile>
    <FxCompile Include="FragmentFirstPass.hlsl">
      <Filter>Source Files\Shaders\1 FirstPass</Filter>
    </FxCompile>
    <FxCompile Include="VertexLightShadingPass.hlsl">
      <Filter>Source Files\Shaders\2 LightShadingPass</Filter>
    </FxCompile>
    <FxCompile Include="FragmentLightShadingPass.hlsl">
      <Filter>Source Files\Shaders\2 LightShadingPass</Filter>
    </FxCompile>
    <FxCompile Include="GeometryFirstPass.hlsl">
      <Filter>Source Files\Shaders\1 FirstPass</Filter>
    </FxCompile>
  </ItemGroup>
  <ItemGroup>
    <ClInclude Include="bth_image.h">
      <Filter>Resource Files</Filter>
    </ClInclude>
    <ClInclude Include="PlayerControl.h">
      <Filter>Header Files</Filter>
    </ClInclude>
    <ClInclude Include="OBJReader.h">
      <Filter>Header Files</Filter>
    </ClInclude>
    <ClInclude Include="DirectXTK\Audio.h">
      <Filter>DirectXTK</Filter>
    </ClInclude>
    <ClInclude Include="DirectXTK\CommonStates.h">
      <Filter>DirectXTK</Filter>
    </ClInclude>
    <ClInclude Include="DirectXTK\DDSTextureLoader.h">
      <Filter>DirectXTK</Filter>
    </ClInclude>
    <ClInclude Include="DirectXTK\DirectXHelpers.h">
      <Filter>DirectXTK</Filter>
    </ClInclude>
    <ClInclude Include="DirectXTK\Effects.h">
      <Filter>DirectXTK</Filter>
    </ClInclude>
    <ClInclude Include="DirectXTK\GamePad.h">
      <Filter>DirectXTK</Filter>
    </ClInclude>
    <ClInclude Include="DirectXTK\GeometricPrimitive.h">
      <Filter>DirectXTK</Filter>
    </ClInclude>
    <ClInclude Include="DirectXTK\GraphicsMemory.h">
      <Filter>DirectXTK</Filter>
    </ClInclude>
    <ClInclude Include="DirectXTK\Keyboard.h">
      <Filter>DirectXTK</Filter>
    </ClInclude>
    <ClInclude Include="DirectXTK\Model.h">
      <Filter>DirectXTK</Filter>
    </ClInclude>
    <ClInclude Include="DirectXTK\Mouse.h">
      <Filter>DirectXTK</Filter>
    </ClInclude>
    <ClInclude Include="DirectXTK\PrimitiveBatch.h">
      <Filter>DirectXTK</Filter>
    </ClInclude>
    <ClInclude Include="DirectXTK\ScreenGrab.h">
      <Filter>DirectXTK</Filter>
    </ClInclude>
    <ClInclude Include="DirectXTK\SimpleMath.h">
      <Filter>DirectXTK</Filter>
    </ClInclude>
    <ClInclude Include="DirectXTK\SpriteBatch.h">
      <Filter>DirectXTK</Filter>
    </ClInclude>
    <ClInclude Include="DirectXTK\SpriteFont.h">
      <Filter>DirectXTK</Filter>
    </ClInclude>
    <ClInclude Include="DirectXTK\VertexTypes.h">
      <Filter>DirectXTK</Filter>
    </ClInclude>
    <ClInclude Include="DirectXTK\WICTextureLoader.h">
      <Filter>DirectXTK</Filter>
    </ClInclude>
    <ClInclude Include="DirectXTK\XboxDDSTextureLoader.h">
      <Filter>DirectXTK</Filter>
    </ClInclude>
    <ClInclude Include="MTLReader.h">
      <Filter>Header Files</Filter>
    </ClInclude>
    <ClInclude Include="ShadowMapping.h">
      <Filter>Header Files</Filter>
    </ClInclude>
  </ItemGroup>
  <ItemGroup>
    <None Include="DirectXTK\SimpleMath.inl">
      <Filter>DirectXTK</Filter>
    </None>
  </ItemGroup>
</Project>